github.com/bots-garden/capsule/capsulemodule v0.2.9 h1:spRFv7ioLhSjPIRAnP3aheELL+ZfrEGVQRoaopJ46+4=
github.com/bots-garden/capsule/capsulemodule v0.2.9/go.mod h1:JBVF/kaTtyW0Enwllvr1VeZSHHUm1GJCdz6+aeU7k9I=
github.com/bots-garden/capsule/commons v0.2.9 h1:EjfgTqwxo8bsEqjSin8OhQ3Pa2XTl24YdUzBfwvQ+SA=
github.com/bots-garden/capsule/commons v0.2.9/go.mod h1:TLe0V+izb0WqELMsEsUZMuPr80Ead4T9bL0TN60w9yE=
